
Microsoft Visual Studio Solution File, Format Version 12.00
# Visual Studio Version 17
VisualStudioVersion = 17.9.34607.119
MinimumVisualStudioVersion = 10.0.40219.1
Project("{8BC9CEB8-8B4A-11D0-8D11-00A0C91BC942}") = "Pointer and Friend class", "Pointer and Friend class\Pointer and Friend class.vcxproj", "{4691FFDF-0FC8-469B-B15F-0C3F5E2065F2}"
EndProject
Project("{8BC9CEB8-8B4A-11D0-8D11-00A0C91BC942}") = "Pemdas", "Pemdas\Pemdas.vcxproj", "{AC7E4D13-0A65-4858-831D-AAC7E5CDCCD3}"
EndProject
Global
	GlobalSection(SolutionConfigurationPlatforms) = preSolution
		Debug|x64 = Debug|x64
		Debug|x86 = Debug|x86
		Release|x64 = Release|x64
		Release|x86 = Release|x86
	EndGlobalSection
	GlobalSection(ProjectConfigurationPlatforms) = postSolution
		{4691FFDF-0FC8-469B-B15F-0C3F5E2065F2}.Debug|x64.ActiveCfg = Debug|x64
		{4691FFDF-0FC8-469B-B15F-0C3F5E2065F2}.Debug|x64.Build.0 = Debug|x64
		{4691FFDF-0FC8-469B-B15F-0C3F5E2065F2}.Debug|x86.ActiveCfg = Debug|Win32
		{4691FFDF-0FC8-469B-B15F-0C3F5E2065F2}.Debug|x86.Build.0 = Debug|Win32
		{4691FFDF-0FC8-469B-B15F-0C3F5E2065F2}.Release|x64.ActiveCfg = Release|x64
		{4691FFDF-0FC8-469B-B15F-0C3F5E2065F2}.Release|x64.Build.0 = Release|x64
		{4691FFDF-0FC8-469B-B15F-0C3F5E2065F2}.Release|x86.ActiveCfg = Release|Win32
		{4691FFDF-0FC8-469B-B15F-0C3F5E2065F2}.Release|x86.Build.0 = Release|Win32
		{AC7E4D13-0A65-4858-831D-AAC7E5CDCCD3}.Debug|x64.ActiveCfg = Debug|x64
		{AC7E4D13-0A65-4858-831D-AAC7E5CDCCD3}.Debug|x64.Build.0 = Debug|x64
		{AC7E4D13-0A65-4858-831D-AAC7E5CDCCD3}.Debug|x86.ActiveCfg = Debug|Win32
		{AC7E4D13-0A65-4858-831D-AAC7E5CDCCD3}.Debug|x86.Build.0 = Debug|Win32
		{AC7E4D13-0A65-4858-831D-AAC7E5CDCCD3}.Release|x64.ActiveCfg = Release|x64
		{AC7E4D13-0A65-4858-831D-AAC7E5CDCCD3}.Release|x64.Build.0 = Release|x64
		{AC7E4D13-0A65-4858-831D-AAC7E5CDCCD3}.Release|x86.ActiveCfg = Release|Win32
		{AC7E4D13-0A65-4858-831D-AAC7E5CDCCD3}.Release|x86.Build.0 = Release|Win32
	EndGlobalSection
	GlobalSection(SolutionProperties) = preSolution
		HideSolutionNode = FALSE
	EndGlobalSection
	GlobalSection(ExtensibilityGlobals) = postSolution
		SolutionGuid = {5465ABEA-4CBE-4382-B1E9-D08E1BA0C412}
	EndGlobalSection
EndGlobal
